
Microsoft Visual Studio Solution File, Format Version 12.00
# Visual Studio Version 16
VisualStudioVersion = 16.0.31702.278
MinimumVisualStudioVersion = 10.0.40219.1
Project("{8BC9CEB8-8B4A-11D0-8D11-00A0C91BC942}") = "Programming", "Programming\Programming.vcxproj", "{AD708CFB-B370-490E-A4E3-B6262B4B7A61}"
EndProject
Global
	GlobalSection(SolutionConfigurationPlatforms) = preSolution
		Debug|x64 = Debug|x64
		Debug|x86 = Debug|x86
		Release|x64 = Release|x64
		Release|x86 = Release|x86
	EndGlobalSection
	GlobalSection(ProjectConfigurationPlatforms) = postSolution
		{AD708CFB-B370-490E-A4E3-B6262B4B7A61}.Debug|x64.ActiveCfg = Debug|x64
		{AD708CFB-B370-490E-A4E3-B6262B4B7A61}.Debug|x64.Build.0 = Debug|x64
		{AD708CFB-B370-490E-A4E3-B6262B4B7A61}.Debug|x86.ActiveCfg = Debug|Win32
		{AD708CFB-B370-490E-A4E3-B6262B4B7A61}.Debug|x86.Build.0 = Debug|Win32
		{AD708CFB-B370-490E-A4E3-B6262B4B7A61}.Release|x64.ActiveCfg = Release|x64
		{AD708CFB-B370-490E-A4E3-B6262B4B7A61}.Release|x64.Build.0 = Release|x64
		{AD708CFB-B370-490E-A4E3-B6262B4B7A61}.Release|x86.ActiveCfg = Release|Win32
		{AD708CFB-B370-490E-A4E3-B6262B4B7A61}.Release|x86.Build.0 = Release|Win32
	EndGlobalSection
	GlobalSection(SolutionProperties) = preSolution
		HideSolutionNode = FALSE
	EndGlobalSection
	GlobalSection(ExtensibilityGlobals) = postSolution
		SolutionGuid = {15C093AB-7504-4772-B560-BD7C1CBA5195}
	EndGlobalSection
EndGlobal
